
Microsoft Visual Studio Solution File, Format Version 12.00
# Visual Studio Version 17
VisualStudioVersion = 17.10.35027.167
MinimumVisualStudioVersion = 10.0.40219.1
Project("{F184B08F-C81C-45F6-A57F-5ABD9991F28F}") = "Video Thumbnail Changer", "Video Thumbnail Changer\Video Thumbnail Changer.vbproj", "{015F5362-8BB8-4EEE-85E5-137B4383C20A}"
EndProject
Global
	GlobalSection(SolutionConfigurationPlatforms) = preSolution
		Debug|Any CPU = Debug|Any CPU
		Release|Any CPU = Release|Any CPU
	EndGlobalSection
	GlobalSection(ProjectConfigurationPlatforms) = postSolution
		{015F5362-8BB8-4EEE-85E5-137B4383C20A}.Debug|Any CPU.ActiveCfg = Debug|Any CPU
		{015F5362-8BB8-4EEE-85E5-137B4383C20A}.Debug|Any CPU.Build.0 = Debug|Any CPU
		{015F5362-8BB8-4EEE-85E5-137B4383C20A}.Release|Any CPU.ActiveCfg = Release|Any CPU
		{015F5362-8BB8-4EEE-85E5-137B4383C20A}.Release|Any CPU.Build.0 = Release|Any CPU
	EndGlobalSection
	GlobalSection(SolutionProperties) = preSolution
		HideSolutionNode = FALSE
	EndGlobalSection
	GlobalSection(ExtensibilityGlobals) = postSolution
		SolutionGuid = {D7D21E55-3EBE-4DFC-B045-38D8E9D41695}
	EndGlobalSection
EndGlobal
